// !$*UTF8*$!
{
	archiveVersion = 1;
	classes = {
	};
	objectVersion = 56;
	objects = {

/* Begin PBXBuildFile section */
		1E1D9BFD2B8313D700778E0D /* WidgetKit.framework in Frameworks */ = {isa = PBXBuildFile; fileRef = 1E1D9BFC2B8313D700778E0D /* WidgetKit.framework */; };
		1E1D9BFF2B8313D700778E0D /* SwiftUI.framework in Frameworks */ = {isa = PBXBuildFile; fileRef = 1E1D9BFE2B8313D700778E0D /* SwiftUI.framework */; };
		1E1D9C022B8313D800778E0D /* InspireSyncWidgetBundle.swift in Sources */ = {isa = PBXBuildFile; fileRef = 1E1D9C012B8313D800778E0D /* InspireSyncWidgetBundle.swift */; };
		1E1D9C042B8313D800778E0D /* InspireSyncWidget.swift in Sources */ = {isa = PBXBuildFile; fileRef = 1E1D9C032B8313D800778E0D /* InspireSyncWidget.swift */; };
		1E1D9C062B8313D900778E0D /* Assets.xcassets in Resources */ = {isa = PBXBuildFile; fileRef = 1E1D9C052B8313D900778E0D /* Assets.xcassets */; };
		1E1D9C0A2B8313D900778E0D /* InspireSyncWidgetExtension.appex in Embed Foundation Extensions */ = {isa = PBXBuildFile; fileRef = 1E1D9BFB2B8313D700778E0D /* InspireSyncWidgetExtension.appex */; settings = {ATTRIBUTES = (RemoveHeadersOnCopy, ); }; };
		1E2B19012B8D352700D675E4 /* SideMenuViewContents.swift in Sources */ = {isa = PBXBuildFile; fileRef = 1E2B19002B8D352700D675E4 /* SideMenuViewContents.swift */; };
		1E91DF712B50E6C300C72D29 /* InspireSyncApp.swift in Sources */ = {isa = PBXBuildFile; fileRef = 1E91DF702B50E6C300C72D29 /* InspireSyncApp.swift */; };
		1E91DF732B50E6C300C72D29 /* ContentView.swift in Sources */ = {isa = PBXBuildFile; fileRef = 1E91DF722B50E6C300C72D29 /* ContentView.swift */; };
		1E91DF752B50E6C400C72D29 /* Assets.xcassets in Resources */ = {isa = PBXBuildFile; fileRef = 1E91DF742B50E6C400C72D29 /* Assets.xcassets */; };
		1E91DF782B50E6C400C72D29 /* Preview Assets.xcassets in Resources */ = {isa = PBXBuildFile; fileRef = 1E91DF772B50E6C400C72D29 /* Preview Assets.xcassets */; };
		1E91DF822B50E94200C72D29 /* FirebaseAnalytics in Frameworks */ = {isa = PBXBuildFile; productRef = 1E91DF812B50E94200C72D29 /* FirebaseAnalytics */; };
		1E91DF862B50E94200C72D29 /* FirebaseAnalyticsSwift in Frameworks */ = {isa = PBXBuildFile; productRef = 1E91DF852B50E94200C72D29 /* FirebaseAnalyticsSwift */; };
		1E91DFB92B50EFB000C72D29 /* FirebaseAuth in Frameworks */ = {isa = PBXBuildFile; productRef = 1E91DFB82B50EFB000C72D29 /* FirebaseAuth */; };
		1E91DFBC2B50F22600C72D29 /* AuthenticationView.swift in Sources */ = {isa = PBXBuildFile; fileRef = 1E91DFBB2B50F22600C72D29 /* AuthenticationView.swift */; };
		1E91DFBE2B50F29E00C72D29 /* SignInEmailView.swift in Sources */ = {isa = PBXBuildFile; fileRef = 1E91DFBD2B50F29E00C72D29 /* SignInEmailView.swift */; };
		1E91DFC02B50F4F700C72D29 /* AuthenticationManager.swift in Sources */ = {isa = PBXBuildFile; fileRef = 1E91DFBF2B50F4F700C72D29 /* AuthenticationManager.swift */; };
		1E91DFC22B50FB5800C72D29 /* RootView.swift in Sources */ = {isa = PBXBuildFile; fileRef = 1E91DFC12B50FB5800C72D29 /* RootView.swift */; };
		1E91DFC42B50FE1000C72D29 /* SettingsView.swift in Sources */ = {isa = PBXBuildFile; fileRef = 1E91DFC32B50FE1000C72D29 /* SettingsView.swift */; };
		1E91DFC72B53A8D100C72D29 /* SignInAppleHelper.swift in Sources */ = {isa = PBXBuildFile; fileRef = 1E91DFC62B53A8D100C72D29 /* SignInAppleHelper.swift */; };
		1E91DFCA2B53B37700C72D29 /* GoogleSignIn in Frameworks */ = {isa = PBXBuildFile; productRef = 1E91DFC92B53B37700C72D29 /* GoogleSignIn */; };
		1E91DFCC2B53B37700C72D29 /* GoogleSignInSwift in Frameworks */ = {isa = PBXBuildFile; productRef = 1E91DFCB2B53B37700C72D29 /* GoogleSignInSwift */; };
		1E91DFD12B53B4DB00C72D29 /* GoogleService-Info.plist in Resources */ = {isa = PBXBuildFile; fileRef = 1E91DFD02B53B4DB00C72D29 /* GoogleService-Info.plist */; };
		1E91DFD42B544DCE00C72D29 /* Utilities.swift in Sources */ = {isa = PBXBuildFile; fileRef = 1E91DFD32B544DCE00C72D29 /* Utilities.swift */; };
		1E91DFD62B544FDF00C72D29 /* SignInGoogleHelper.swift in Sources */ = {isa = PBXBuildFile; fileRef = 1E91DFD52B544FDF00C72D29 /* SignInGoogleHelper.swift */; };
		1E91DFDA2B55A2F600C72D29 /* HomeView.swift in Sources */ = {isa = PBXBuildFile; fileRef = 1E91DFD92B55A2F600C72D29 /* HomeView.swift */; };
		1E91DFDE2B55C7CD00C72D29 /* ProfileView.swift in Sources */ = {isa = PBXBuildFile; fileRef = 1E91DFDD2B55C7CD00C72D29 /* ProfileView.swift */; };
		1E9410932B9279E2000B8A04 /* URLImage in Frameworks */ = {isa = PBXBuildFile; productRef = 1E9410922B9279E2000B8A04 /* URLImage */; };
		1E9410972B927B8C000B8A04 /* tagjs.swift in Sources */ = {isa = PBXBuildFile; fileRef = 1E9410962B927B8C000B8A04 /* tagjs.swift */; };
		1E9410992B927BC3000B8A04 /* SettingsScreen.swift in Sources */ = {isa = PBXBuildFile; fileRef = 1E9410982B927BC3000B8A04 /* SettingsScreen.swift */; };
		1E94109B2B927C8D000B8A04 /* URLImageStore in Frameworks */ = {isa = PBXBuildFile; productRef = 1E94109A2B927C8D000B8A04 /* URLImageStore */; };
		1EAFEF802B718958000BDCDD /* FirebaseFirestore in Frameworks */ = {isa = PBXBuildFile; productRef = 1EAFEF7F2B718958000BDCDD /* FirebaseFirestore */; };
		1EAFEF822B718958000BDCDD /* FirebaseFirestoreSwift in Frameworks */ = {isa = PBXBuildFile; productRef = 1EAFEF812B718958000BDCDD /* FirebaseFirestoreSwift */; };
		1EC006522B8BCABD001280F3 /* SideView.swift in Sources */ = {isa = PBXBuildFile; fileRef = 1EC006512B8BCABD001280F3 /* SideView.swift */; };
		1ED7D9822B83BAA30023647B /* QuoteManager.swift in Sources */ = {isa = PBXBuildFile; fileRef = 1ED7D9812B83BAA30023647B /* QuoteManager.swift */; };
		1ED7D9832B83BAA30023647B /* QuoteManager.swift in Sources */ = {isa = PBXBuildFile; fileRef = 1ED7D9812B83BAA30023647B /* QuoteManager.swift */; };
		1ED7D9882B8433650023647B /* sendQuoteView.swift in Sources */ = {isa = PBXBuildFile; fileRef = 1ED7D9872B8433650023647B /* sendQuoteView.swift */; };
		1EE5A1C22B572B8B00A9171A /* Launch Screen.storyboard in Resources */ = {isa = PBXBuildFile; fileRef = 1EE5A1C12B572B8B00A9171A /* Launch Screen.storyboard */; };
		1EE5A1C42B572D1F00A9171A /* MenuView.swift in Sources */ = {isa = PBXBuildFile; fileRef = 1EE5A1C32B572D1F00A9171A /* MenuView.swift */; };
/* End PBXBuildFile section */

/* Begin PBXContainerItemProxy section */
		1E1D9C082B8313D900778E0D /* PBXContainerItemProxy */ = {
			isa = PBXContainerItemProxy;
			containerPortal = 1E91DF652B50E6C300C72D29 /* Project object */;
			proxyType = 1;
			remoteGlobalIDString = 1E1D9BFA2B8313D700778E0D;
			remoteInfo = InspireSyncWidgetExtension;
		};
/* End PBXContainerItemProxy section */

/* Begin PBXCopyFilesBuildPhase section */
		1E1D9C0B2B8313D900778E0D /* Embed Foundation Extensions */ = {
			isa = PBXCopyFilesBuildPhase;
			buildActionMask = 2147483647;
			dstPath = "";
			dstSubfolderSpec = 13;
			files = (
				1E1D9C0A2B8313D900778E0D /* InspireSyncWidgetExtension.appex in Embed Foundation Extensions */,
			);
			name = "Embed Foundation Extensions";
			runOnlyForDeploymentPostprocessing = 0;
		};
/* End PBXCopyFilesBuildPhase section */

/* Begin PBXFileReference section */
		1E1D9BFB2B8313D700778E0D /* InspireSyncWidgetExtension.appex */ = {isa = PBXFileReference; explicitFileType = "wrapper.app-extension"; includeInIndex = 0; path = InspireSyncWidgetExtension.appex; sourceTree = BUILT_PRODUCTS_DIR; };
		1E1D9BFC2B8313D700778E0D /* WidgetKit.framework */ = {isa = PBXFileReference; lastKnownFileType = wrapper.framework; name = WidgetKit.framework; path = System/Library/Frameworks/WidgetKit.framework; sourceTree = SDKROOT; };
		1E1D9BFE2B8313D700778E0D /* SwiftUI.framework */ = {isa = PBXFileReference; lastKnownFileType = wrapper.framework; name = SwiftUI.framework; path = System/Library/Frameworks/SwiftUI.framework; sourceTree = SDKROOT; };
		1E1D9C012B8313D800778E0D /* InspireSyncWidgetBundle.swift */ = {isa = PBXFileReference; lastKnownFileType = sourcecode.swift; path = InspireSyncWidgetBundle.swift; sourceTree = "<group>"; };
		1E1D9C032B8313D800778E0D /* InspireSyncWidget.swift */ = {isa = PBXFileReference; lastKnownFileType = sourcecode.swift; path = InspireSyncWidget.swift; sourceTree = "<group>"; };
		1E1D9C052B8313D900778E0D /* Assets.xcassets */ = {isa = PBXFileReference; lastKnownFileType = folder.assetcatalog; path = Assets.xcassets; sourceTree = "<group>"; };
		1E1D9C072B8313D900778E0D /* Info.plist */ = {isa = PBXFileReference; lastKnownFileType = text.plist.xml; path = Info.plist; sourceTree = "<group>"; };
		1E2B19002B8D352700D675E4 /* SideMenuViewContents.swift */ = {isa = PBXFileReference; lastKnownFileType = sourcecode.swift; path = SideMenuViewContents.swift; sourceTree = "<group>"; };
		1E91DF6D2B50E6C300C72D29 /* InspireSync.app */ = {isa = PBXFileReference; explicitFileType = wrapper.application; includeInIndex = 0; path = InspireSync.app; sourceTree = BUILT_PRODUCTS_DIR; };
		1E91DF702B50E6C300C72D29 /* InspireSyncApp.swift */ = {isa = PBXFileReference; lastKnownFileType = sourcecode.swift; path = InspireSyncApp.swift; sourceTree = "<group>"; };
		1E91DF722B50E6C300C72D29 /* ContentView.swift */ = {isa = PBXFileReference; lastKnownFileType = sourcecode.swift; path = ContentView.swift; sourceTree = "<group>"; };
		1E91DF742B50E6C400C72D29 /* Assets.xcassets */ = {isa = PBXFileReference; lastKnownFileType = folder.assetcatalog; path = Assets.xcassets; sourceTree = "<group>"; };
		1E91DF772B50E6C400C72D29 /* Preview Assets.xcassets */ = {isa = PBXFileReference; lastKnownFileType = folder.assetcatalog; path = "Preview Assets.xcassets"; sourceTree = "<group>"; };
		1E91DFBB2B50F22600C72D29 /* AuthenticationView.swift */ = {isa = PBXFileReference; lastKnownFileType = sourcecode.swift; path = AuthenticationView.swift; sourceTree = "<group>"; };
		1E91DFBD2B50F29E00C72D29 /* SignInEmailView.swift */ = {isa = PBXFileReference; lastKnownFileType = sourcecode.swift; path = SignInEmailView.swift; sourceTree = "<group>"; };
		1E91DFBF2B50F4F700C72D29 /* AuthenticationManager.swift */ = {isa = PBXFileReference; lastKnownFileType = sourcecode.swift; path = AuthenticationManager.swift; sourceTree = "<group>"; };
		1E91DFC12B50FB5800C72D29 /* RootView.swift */ = {isa = PBXFileReference; lastKnownFileType = sourcecode.swift; path = RootView.swift; sourceTree = "<group>"; };
		1E91DFC32B50FE1000C72D29 /* SettingsView.swift */ = {isa = PBXFileReference; lastKnownFileType = sourcecode.swift; path = SettingsView.swift; sourceTree = "<group>"; };
		1E91DFC52B53993300C72D29 /* InspireSync.entitlements */ = {isa = PBXFileReference; lastKnownFileType = text.plist.entitlements; path = InspireSync.entitlements; sourceTree = "<group>"; };
		1E91DFC62B53A8D100C72D29 /* SignInAppleHelper.swift */ = {isa = PBXFileReference; lastKnownFileType = sourcecode.swift; path = SignInAppleHelper.swift; sourceTree = "<group>"; };
		1E91DFCD2B53B3CF00C72D29 /* Info.plist */ = {isa = PBXFileReference; lastKnownFileType = text.plist; path = Info.plist; sourceTree = "<group>"; };
		1E91DFD02B53B4DB00C72D29 /* GoogleService-Info.plist */ = {isa = PBXFileReference; fileEncoding = 4; lastKnownFileType = text.plist.xml; name = "GoogleService-Info.plist"; path = "../../../../Users/nivethikanneethirasa/Downloads/GoogleService-Info.plist"; sourceTree = "<group>"; };
		1E91DFD32B544DCE00C72D29 /* Utilities.swift */ = {isa = PBXFileReference; lastKnownFileType = sourcecode.swift; path = Utilities.swift; sourceTree = "<group>"; };
		1E91DFD52B544FDF00C72D29 /* SignInGoogleHelper.swift */ = {isa = PBXFileReference; lastKnownFileType = sourcecode.swift; path = SignInGoogleHelper.swift; sourceTree = "<group>"; };
		1E91DFD92B55A2F600C72D29 /* HomeView.swift */ = {isa = PBXFileReference; lastKnownFileType = sourcecode.swift; path = HomeView.swift; sourceTree = "<group>"; };
		1E91DFDD2B55C7CD00C72D29 /* ProfileView.swift */ = {isa = PBXFileReference; lastKnownFileType = sourcecode.swift; path = ProfileView.swift; sourceTree = "<group>"; };
		1E9410962B927B8C000B8A04 /* tagjs.swift */ = {isa = PBXFileReference; fileEncoding = 4; lastKnownFileType = sourcecode.swift; path = tagjs.swift; sourceTree = "<group>"; };
		1E9410982B927BC3000B8A04 /* SettingsScreen.swift */ = {isa = PBXFileReference; fileEncoding = 4; lastKnownFileType = sourcecode.swift; path = SettingsScreen.swift; sourceTree = "<group>"; };
		1EC006512B8BCABD001280F3 /* SideView.swift */ = {isa = PBXFileReference; lastKnownFileType = sourcecode.swift; path = SideView.swift; sourceTree = "<group>"; };
		1ED7D9802B8315A00023647B /* InspireSyncWidgetExtension.entitlements */ = {isa = PBXFileReference; lastKnownFileType = text.plist.entitlements; path = InspireSyncWidgetExtension.entitlements; sourceTree = "<group>"; };
		1ED7D9812B83BAA30023647B /* QuoteManager.swift */ = {isa = PBXFileReference; lastKnownFileType = sourcecode.swift; path = QuoteManager.swift; sourceTree = "<group>"; };
		1ED7D9872B8433650023647B /* sendQuoteView.swift */ = {isa = PBXFileReference; lastKnownFileType = sourcecode.swift; path = sendQuoteView.swift; sourceTree = "<group>"; };
		1EE5A1C12B572B8B00A9171A /* Launch Screen.storyboard */ = {isa = PBXFileReference; lastKnownFileType = file.storyboard; path = "Launch Screen.storyboard"; sourceTree = "<group>"; };
		1EE5A1C32B572D1F00A9171A /* MenuView.swift */ = {isa = PBXFileReference; lastKnownFileType = sourcecode.swift; path = MenuView.swift; sourceTree = "<group>"; };
/* End PBXFileReference section */

/* Begin PBXFrameworksBuildPhase section */
		1E1D9BF82B8313D700778E0D /* Frameworks */ = {
			isa = PBXFrameworksBuildPhase;
			buildActionMask = 2147483647;
			files = (
				1E1D9BFF2B8313D700778E0D /* SwiftUI.framework in Frameworks */,
				1E1D9BFD2B8313D700778E0D /* WidgetKit.framework in Frameworks */,
			);
			runOnlyForDeploymentPostprocessing = 0;
		};
		1E91DF6A2B50E6C300C72D29 /* Frameworks */ = {
			isa = PBXFrameworksBuildPhase;
			buildActionMask = 2147483647;
			files = (
				1E91DFCC2B53B37700C72D29 /* GoogleSignInSwift in Frameworks */,
				1E91DF862B50E94200C72D29 /* FirebaseAnalyticsSwift in Frameworks */,
				1E91DFCA2B53B37700C72D29 /* GoogleSignIn in Frameworks */,
				1EAFEF822B718958000BDCDD /* FirebaseFirestoreSwift in Frameworks */,
				1E94109B2B927C8D000B8A04 /* URLImageStore in Frameworks */,
				1E91DFB92B50EFB000C72D29 /* FirebaseAuth in Frameworks */,
				1E91DF822B50E94200C72D29 /* FirebaseAnalytics in Frameworks */,
				1E9410932B9279E2000B8A04 /* URLImage in Frameworks */,
				1EAFEF802B718958000BDCDD /* FirebaseFirestore in Frameworks */,
			);
			runOnlyForDeploymentPostprocessing = 0;
		};
/* End PBXFrameworksBuildPhase section */

/* Begin PBXGroup section */
		1E1D9C002B8313D800778E0D /* InspireSyncWidget */ = {
			isa = PBXGroup;
			children = (
				1E1D9C012B8313D800778E0D /* InspireSyncWidgetBundle.swift */,
				1E1D9C032B8313D800778E0D /* InspireSyncWidget.swift */,
				1E1D9C052B8313D900778E0D /* Assets.xcassets */,
				1E1D9C072B8313D900778E0D /* Info.plist */,
			);
			path = InspireSyncWidget;
			sourceTree = "<group>";
		};
		1E91DF642B50E6C300C72D29 = {
			isa = PBXGroup;
			children = (
				1ED7D9802B8315A00023647B /* InspireSyncWidgetExtension.entitlements */,
				1E91DF6F2B50E6C300C72D29 /* InspireSync */,
				1E1D9C002B8313D800778E0D /* InspireSyncWidget */,
				1E91DF6E2B50E6C300C72D29 /* Products */,
				1E91DFB72B50EFB000C72D29 /* Frameworks */,
			);
			sourceTree = "<group>";
		};
		1E91DF6E2B50E6C300C72D29 /* Products */ = {
			isa = PBXGroup;
			children = (
				1E91DF6D2B50E6C300C72D29 /* InspireSync.app */,
				1E1D9BFB2B8313D700778E0D /* InspireSyncWidgetExtension.appex */,
			);
			name = Products;
			sourceTree = "<group>";
		};
		1E91DF6F2B50E6C300C72D29 /* InspireSync */ = {
			isa = PBXGroup;
			children = (
				1E91DFCD2B53B3CF00C72D29 /* Info.plist */,
				1E91DFC52B53993300C72D29 /* InspireSync.entitlements */,
				1E91DF702B50E6C300C72D29 /* InspireSyncApp.swift */,
				1E91DF722B50E6C300C72D29 /* ContentView.swift */,
				1E91DFD82B55A2DB00C72D29 /* Homepage */,
				1E91DFD22B544DB600C72D29 /* Utilities */,
				1E91DFBA2B50F02200C72D29 /* AAuthentication */,
				1E91DFD02B53B4DB00C72D29 /* GoogleService-Info.plist */,
				1E91DF742B50E6C400C72D29 /* Assets.xcassets */,
				1E91DF762B50E6C400C72D29 /* Preview Content */,
				1EE5A1C12B572B8B00A9171A /* Launch Screen.storyboard */,
			);
			path = InspireSync;
			sourceTree = "<group>";
		};
		1E91DF762B50E6C400C72D29 /* Preview Content */ = {
			isa = PBXGroup;
			children = (
				1E91DF772B50E6C400C72D29 /* Preview Assets.xcassets */,
			);
			path = "Preview Content";
			sourceTree = "<group>";
		};
		1E91DFB72B50EFB000C72D29 /* Frameworks */ = {
			isa = PBXGroup;
			children = (
				1E1D9BFC2B8313D700778E0D /* WidgetKit.framework */,
				1E1D9BFE2B8313D700778E0D /* SwiftUI.framework */,
			);
			name = Frameworks;
			sourceTree = "<group>";
		};
		1E91DFBA2B50F02200C72D29 /* AAuthentication */ = {
			isa = PBXGroup;
			children = (
				1E91DFC12B50FB5800C72D29 /* RootView.swift */,
				1E91DFBB2B50F22600C72D29 /* AuthenticationView.swift */,
				1E91DFC62B53A8D100C72D29 /* SignInAppleHelper.swift */,
				1E91DFBD2B50F29E00C72D29 /* SignInEmailView.swift */,
				1E91DFC32B50FE1000C72D29 /* SettingsView.swift */,
				1E91DFBF2B50F4F700C72D29 /* AuthenticationManager.swift */,
				1E91DFD52B544FDF00C72D29 /* SignInGoogleHelper.swift */,
			);
			path = AAuthentication;
			sourceTree = "<group>";
		};
		1E91DFD22B544DB600C72D29 /* Utilities */ = {
			isa = PBXGroup;
			children = (
				1E91DFD32B544DCE00C72D29 /* Utilities.swift */,
			);
			path = Utilities;
			sourceTree = "<group>";
		};
		1E91DFD82B55A2DB00C72D29 /* Homepage */ = {
			isa = PBXGroup;
			children = (
				1E9410982B927BC3000B8A04 /* SettingsScreen.swift */,
				1E9410962B927B8C000B8A04 /* tagjs.swift */,
				1E91DFD92B55A2F600C72D29 /* HomeView.swift */,
				1EC006512B8BCABD001280F3 /* SideView.swift */,
				1E91DFDD2B55C7CD00C72D29 /* ProfileView.swift */,
				1EE5A1C32B572D1F00A9171A /* MenuView.swift */,
				1ED7D9812B83BAA30023647B /* QuoteManager.swift */,
				1ED7D9872B8433650023647B /* sendQuoteView.swift */,
				1E2B19002B8D352700D675E4 /* SideMenuViewContents.swift */,
			);
			path = Homepage;
			sourceTree = "<group>";
		};
/* End PBXGroup section */

/* Begin PBXNativeTarget section */
		1E1D9BFA2B8313D700778E0D /* InspireSyncWidgetExtension */ = {
			isa = PBXNativeTarget;
			buildConfigurationList = 1E1D9C0E2B8313D900778E0D /* Build configuration list for PBXNativeTarget "InspireSyncWidgetExtension" */;
			buildPhases = (
				1E1D9BF72B8313D700778E0D /* Sources */,
				1E1D9BF82B8313D700778E0D /* Frameworks */,
				1E1D9BF92B8313D700778E0D /* Resources */,
			);
			buildRules = (
			);
			dependencies = (
			);
			name = InspireSyncWidgetExtension;
			productName = InspireSyncWidgetExtension;
			productReference = 1E1D9BFB2B8313D700778E0D /* InspireSyncWidgetExtension.appex */;
			productType = "com.apple.product-type.app-extension";
		};
		1E91DF6C2B50E6C300C72D29 /* InspireSync */ = {
			isa = PBXNativeTarget;
			buildConfigurationList = 1E91DF7B2B50E6C400C72D29 /* Build configuration list for PBXNativeTarget "InspireSync" */;
			buildPhases = (
				1E91DF692B50E6C300C72D29 /* Sources */,
				1E91DF6A2B50E6C300C72D29 /* Frameworks */,
				1E91DF6B2B50E6C300C72D29 /* Resources */,
				1E1D9C0B2B8313D900778E0D /* Embed Foundation Extensions */,
			);
			buildRules = (
			);
			dependencies = (
				1E1D9C092B8313D900778E0D /* PBXTargetDependency */,
			);
			name = InspireSync;
			packageProductDependencies = (
				1E91DF812B50E94200C72D29 /* FirebaseAnalytics */,
				1E91DF852B50E94200C72D29 /* FirebaseAnalyticsSwift */,
				1E91DFB82B50EFB000C72D29 /* FirebaseAuth */,
				1E91DFC92B53B37700C72D29 /* GoogleSignIn */,
				1E91DFCB2B53B37700C72D29 /* GoogleSignInSwift */,
				1EAFEF7F2B718958000BDCDD /* FirebaseFirestore */,
				1EAFEF812B718958000BDCDD /* FirebaseFirestoreSwift */,
				1E9410922B9279E2000B8A04 /* URLImage */,
				1E94109A2B927C8D000B8A04 /* URLImageStore */,
			);
			productName = InspireSync;
			productReference = 1E91DF6D2B50E6C300C72D29 /* InspireSync.app */;
			productType = "com.apple.product-type.application";
		};
/* End PBXNativeTarget section */

/* Begin PBXProject section */
		1E91DF652B50E6C300C72D29 /* Project object */ = {
			isa = PBXProject;
			attributes = {
				BuildIndependentTargetsInParallel = 1;
				LastSwiftUpdateCheck = 1520;
				LastUpgradeCheck = 1520;
				TargetAttributes = {
					1E1D9BFA2B8313D700778E0D = {
						CreatedOnToolsVersion = 15.2;
					};
					1E91DF6C2B50E6C300C72D29 = {
						CreatedOnToolsVersion = 15.2;
					};
				};
			};
			buildConfigurationList = 1E91DF682B50E6C300C72D29 /* Build configuration list for PBXProject "InspireSync" */;
			compatibilityVersion = "Xcode 14.0";
			developmentRegion = en;
			hasScannedForEncodings = 0;
			knownRegions = (
				en,
				Base,
			);
			mainGroup = 1E91DF642B50E6C300C72D29;
			packageReferences = (
				1E91DF802B50E94200C72D29 /* XCRemoteSwiftPackageReference "firebase-ios-sdk" */,
				1E91DFC82B53B37700C72D29 /* XCRemoteSwiftPackageReference "GoogleSignIn-iOS" */,
				1E9410912B9279E2000B8A04 /* XCRemoteSwiftPackageReference "url-image" */,
			);
			productRefGroup = 1E91DF6E2B50E6C300C72D29 /* Products */;
			projectDirPath = "";
			projectRoot = "";
			targets = (
				1E91DF6C2B50E6C300C72D29 /* InspireSync */,
				1E1D9BFA2B8313D700778E0D /* InspireSyncWidgetExtension */,
			);
		};
/* End PBXProject section */

/* Begin PBXResourcesBuildPhase section */
		1E1D9BF92B8313D700778E0D /* Resources */ = {
			isa = PBXResourcesBuildPhase;
			buildActionMask = 2147483647;
			files = (
				1E1D9C062B8313D900778E0D /* Assets.xcassets in Resources */,
			);
			runOnlyForDeploymentPostprocessing = 0;
		};
		1E91DF6B2B50E6C300C72D29 /* Resources */ = {
			isa = PBXResourcesBuildPhase;
			buildActionMask = 2147483647;
			files = (
				1E91DF782B50E6C400C72D29 /* Preview Assets.xcassets in Resources */,
				1E91DFD12B53B4DB00C72D29 /* GoogleService-Info.plist in Resources */,
				1EE5A1C22B572B8B00A9171A /* Launch Screen.storyboard in Resources */,
				1E91DF752B50E6C400C72D29 /* Assets.xcassets in Resources */,
			);
			runOnlyForDeploymentPostprocessing = 0;
		};
/* End PBXResourcesBuildPhase section */

/* Begin PBXSourcesBuildPhase section */
		1E1D9BF72B8313D700778E0D /* Sources */ = {
			isa = PBXSourcesBuildPhase;
			buildActionMask = 2147483647;
			files = (
				1E1D9C022B8313D800778E0D /* InspireSyncWidgetBundle.swift in Sources */,
				1E1D9C042B8313D800778E0D /* InspireSyncWidget.swift in Sources */,
				1ED7D9832B83BAA30023647B /* QuoteManager.swift in Sources */,
			);
			runOnlyForDeploymentPostprocessing = 0;
		};
		1E91DF692B50E6C300C72D29 /* Sources */ = {
			isa = PBXSourcesBuildPhase;
			buildActionMask = 2147483647;
			files = (
				1E91DFD62B544FDF00C72D29 /* SignInGoogleHelper.swift in Sources */,
				1E91DFC42B50FE1000C72D29 /* SettingsView.swift in Sources */,
				1EC006522B8BCABD001280F3 /* SideView.swift in Sources */,
				1E91DF732B50E6C300C72D29 /* ContentView.swift in Sources */,
				1E91DF712B50E6C300C72D29 /* InspireSyncApp.swift in Sources */,
				1E91DFDE2B55C7CD00C72D29 /* ProfileView.swift in Sources */,
				1E91DFC22B50FB5800C72D29 /* RootView.swift in Sources */,
				1E91DFDA2B55A2F600C72D29 /* HomeView.swift in Sources */,
				1E2B19012B8D352700D675E4 /* SideMenuViewContents.swift in Sources */,
				1EE5A1C42B572D1F00A9171A /* MenuView.swift in Sources */,
				1E91DFC72B53A8D100C72D29 /* SignInAppleHelper.swift in Sources */,
				1E9410992B927BC3000B8A04 /* SettingsScreen.swift in Sources */,
				1E91DFBC2B50F22600C72D29 /* AuthenticationView.swift in Sources */,
				1ED7D9822B83BAA30023647B /* QuoteManager.swift in Sources */,
				1E91DFD42B544DCE00C72D29 /* Utilities.swift in Sources */,
				1E9410972B927B8C000B8A04 /* tagjs.swift in Sources */,
				1E91DFC02B50F4F700C72D29 /* AuthenticationManager.swift in Sources */,
				1ED7D9882B8433650023647B /* sendQuoteView.swift in Sources */,
				1E91DFBE2B50F29E00C72D29 /* SignInEmailView.swift in Sources */,
			);
			runOnlyForDeploymentPostprocessing = 0;
		};
/* End PBXSourcesBuildPhase section */

/* Begin PBXTargetDependency section */
		1E1D9C092B8313D900778E0D /* PBXTargetDependency */ = {
			isa = PBXTargetDependency;
			target = 1E1D9BFA2B8313D700778E0D /* InspireSyncWidgetExtension */;
			targetProxy = 1E1D9C082B8313D900778E0D /* PBXContainerItemProxy */;
		};
/* End PBXTargetDependency section */

/* Begin XCBuildConfiguration section */
		1E1D9C0C2B8313D900778E0D /* Debug */ = {
			isa = XCBuildConfiguration;
			buildSettings = {
				ASSETCATALOG_COMPILER_GLOBAL_ACCENT_COLOR_NAME = AccentColor;
				ASSETCATALOG_COMPILER_WIDGET_BACKGROUND_COLOR_NAME = WidgetBackground;
				CODE_SIGN_ENTITLEMENTS = InspireSyncWidgetExtension.entitlements;
				CODE_SIGN_STYLE = Automatic;
				CURRENT_PROJECT_VERSION = 1;
				DEVELOPMENT_TEAM = 43PS7T66LA;
				GENERATE_INFOPLIST_FILE = YES;
				INFOPLIST_FILE = InspireSyncWidget/Info.plist;
				INFOPLIST_KEY_CFBundleDisplayName = InspireSyncWidget;
				INFOPLIST_KEY_NSHumanReadableCopyright = "";
				LD_RUNPATH_SEARCH_PATHS = (
					"$(inherited)",
					"@executable_path/Frameworks",
					"@executable_path/../../Frameworks",
				);
				MARKETING_VERSION = 1.0;
				PRODUCT_BUNDLE_IDENTIFIER = "Nivethikan-Neethirasa.InspireSync.InspireSyncWidget";
				PRODUCT_NAME = "$(TARGET_NAME)";
				SKIP_INSTALL = YES;
				SWIFT_EMIT_LOC_STRINGS = YES;
				SWIFT_VERSION = 5.0;
				TARGETED_DEVICE_FAMILY = "1,2";
			};
			name = Debug;
		};
		1E1D9C0D2B8313D900778E0D /* Release */ = {
			isa = XCBuildConfiguration;
			buildSettings = {
				ASSETCATALOG_COMPILER_GLOBAL_ACCENT_COLOR_NAME = AccentColor;
				ASSETCATALOG_COMPILER_WIDGET_BACKGROUND_COLOR_NAME = WidgetBackground;
				CODE_SIGN_ENTITLEMENTS = InspireSyncWidgetExtension.entitlements;
				CODE_SIGN_STYLE = Automatic;
				CURRENT_PROJECT_VERSION = 1;
				DEVELOPMENT_TEAM = 43PS7T66LA;
				GENERATE_INFOPLIST_FILE = YES;
				INFOPLIST_FILE = InspireSyncWidget/Info.plist;
				INFOPLIST_KEY_CFBundleDisplayName = InspireSyncWidget;
				INFOPLIST_KEY_NSHumanReadableCopyright = "";
				LD_RUNPATH_SEARCH_PATHS = (
					"$(inherited)",
					"@executable_path/Frameworks",
					"@executable_path/../../Frameworks",
				);
				MARKETING_VERSION = 1.0;
				PRODUCT_BUNDLE_IDENTIFIER = "Nivethikan-Neethirasa.InspireSync.InspireSyncWidget";
				PRODUCT_NAME = "$(TARGET_NAME)";
				SKIP_INSTALL = YES;
				SWIFT_EMIT_LOC_STRINGS = YES;
				SWIFT_VERSION = 5.0;
				TARGETED_DEVICE_FAMILY = "1,2";
			};
			name = Release;
		};
		1E91DF792B50E6C400C72D29 /* Debug */ = {
			isa = XCBuildConfiguration;
			buildSettings = {
				ALWAYS_SEARCH_USER_PATHS = NO;
				ASSETCATALOG_COMPILER_GENERATE_SWIFT_ASSET_SYMBOL_EXTENSIONS = YES;
				CLANG_ANALYZER_NONNULL = YES;
				CLANG_ANALYZER_NUMBER_OBJECT_CONVERSION = YES_AGGRESSIVE;
				CLANG_CXX_LANGUAGE_STANDARD = "gnu++20";
				CLANG_ENABLE_MODULES = YES;
				CLANG_ENABLE_OBJC_ARC = YES;
				CLANG_ENABLE_OBJC_WEAK = YES;
				CLANG_WARN_BLOCK_CAPTURE_AUTORELEASING = YES;
				CLANG_WARN_BOOL_CONVERSION = YES;
				CLANG_WARN_COMMA = YES;
				CLANG_WARN_CONSTANT_CONVERSION = YES;
				CLANG_WARN_DEPRECATED_OBJC_IMPLEMENTATIONS = YES;
				CLANG_WARN_DIRECT_OBJC_ISA_USAGE = YES_ERROR;
				CLANG_WARN_DOCUMENTATION_COMMENTS = YES;
				CLANG_WARN_EMPTY_BODY = YES;
				CLANG_WARN_ENUM_CONVERSION = YES;
				CLANG_WARN_INFINITE_RECURSION = YES;
				CLANG_WARN_INT_CONVERSION = YES;
				CLANG_WARN_NON_LITERAL_NULL_CONVERSION = YES;
				CLANG_WARN_OBJC_IMPLICIT_RETAIN_SELF = YES;
				CLANG_WARN_OBJC_LITERAL_CONVERSION = YES;
				CLANG_WARN_OBJC_ROOT_CLASS = YES_ERROR;
				CLANG_WARN_QUOTED_INCLUDE_IN_FRAMEWORK_HEADER = YES;
				CLANG_WARN_RANGE_LOOP_ANALYSIS = YES;
				CLANG_WARN_STRICT_PROTOTYPES = YES;
				CLANG_WARN_SUSPICIOUS_MOVE = YES;
				CLANG_WARN_UNGUARDED_AVAILABILITY = YES_AGGRESSIVE;
				CLANG_WARN_UNREACHABLE_CODE = YES;
				CLANG_WARN__DUPLICATE_METHOD_MATCH = YES;
				COPY_PHASE_STRIP = NO;
				DEBUG_INFORMATION_FORMAT = dwarf;
				ENABLE_STRICT_OBJC_MSGSEND = YES;
				ENABLE_TESTABILITY = YES;
				ENABLE_USER_SCRIPT_SANDBOXING = YES;
				GCC_C_LANGUAGE_STANDARD = gnu17;
				GCC_DYNAMIC_NO_PIC = NO;
				GCC_NO_COMMON_BLOCKS = YES;
				GCC_OPTIMIZATION_LEVEL = 0;
				GCC_PREPROCESSOR_DEFINITIONS = (
					"DEBUG=1",
					"$(inherited)",
				);
				GCC_WARN_64_TO_32_BIT_CONVERSION = YES;
				GCC_WARN_ABOUT_RETURN_TYPE = YES_ERROR;
				GCC_WARN_UNDECLARED_SELECTOR = YES;
				GCC_WARN_UNINITIALIZED_AUTOS = YES_AGGRESSIVE;
				GCC_WARN_UNUSED_FUNCTION = YES;
				GCC_WARN_UNUSED_VARIABLE = YES;
				IPHONEOS_DEPLOYMENT_TARGET = 17.2;
				LOCALIZATION_PREFERS_STRING_CATALOGS = YES;
				MTL_ENABLE_DEBUG_INFO = INCLUDE_SOURCE;
				MTL_FAST_MATH = YES;
				ONLY_ACTIVE_ARCH = YES;
				SDKROOT = iphoneos;
				SWIFT_ACTIVE_COMPILATION_CONDITIONS = "DEBUG $(inherited)";
				SWIFT_OPTIMIZATION_LEVEL = "-Onone";
			};
			name = Debug;
		};
		1E91DF7A2B50E6C400C72D29 /* Release */ = {
			isa = XCBuildConfiguration;
			buildSettings = {
				ALWAYS_SEARCH_USER_PATHS = NO;
				ASSETCATALOG_COMPILER_GENERATE_SWIFT_ASSET_SYMBOL_EXTENSIONS = YES;
				CLANG_ANALYZER_NONNULL = YES;
				CLANG_ANALYZER_NUMBER_OBJECT_CONVERSION = YES_AGGRESSIVE;
				CLANG_CXX_LANGUAGE_STANDARD = "gnu++20";
				CLANG_ENABLE_MODULES = YES;
				CLANG_ENABLE_OBJC_ARC = YES;
				CLANG_ENABLE_OBJC_WEAK = YES;
				CLANG_WARN_BLOCK_CAPTURE_AUTORELEASING = YES;
				CLANG_WARN_BOOL_CONVERSION = YES;
				CLANG_WARN_COMMA = YES;
				CLANG_WARN_CONSTANT_CONVERSION = YES;
				CLANG_WARN_DEPRECATED_OBJC_IMPLEMENTATIONS = YES;
				CLANG_WARN_DIRECT_OBJC_ISA_USAGE = YES_ERROR;
				CLANG_WARN_DOCUMENTATION_COMMENTS = YES;
				CLANG_WARN_EMPTY_BODY = YES;
				CLANG_WARN_ENUM_CONVERSION = YES;
				CLANG_WARN_INFINITE_RECURSION = YES;
				CLANG_WARN_INT_CONVERSION = YES;
				CLANG_WARN_NON_LITERAL_NULL_CONVERSION = YES;
				CLANG_WARN_OBJC_IMPLICIT_RETAIN_SELF = YES;
				CLANG_WARN_OBJC_LITERAL_CONVERSION = YES;
				CLANG_WARN_OBJC_ROOT_CLASS = YES_ERROR;
				CLANG_WARN_QUOTED_INCLUDE_IN_FRAMEWORK_HEADER = YES;
				CLANG_WARN_RANGE_LOOP_ANALYSIS = YES;
				CLANG_WARN_STRICT_PROTOTYPES = YES;
				CLANG_WARN_SUSPICIOUS_MOVE = YES;
				CLANG_WARN_UNGUARDED_AVAILABILITY = YES_AGGRESSIVE;
				CLANG_WARN_UNREACHABLE_CODE = YES;
				CLANG_WARN__DUPLICATE_METHOD_MATCH = YES;
				COPY_PHASE_STRIP = NO;
				DEBUG_INFORMATION_FORMAT = "dwarf-with-dsym";
				ENABLE_NS_ASSERTIONS = NO;
				ENABLE_STRICT_OBJC_MSGSEND = YES;
				ENABLE_USER_SCRIPT_SANDBOXING = YES;
				GCC_C_LANGUAGE_STANDARD = gnu17;
				GCC_NO_COMMON_BLOCKS = YES;
				GCC_WARN_64_TO_32_BIT_CONVERSION = YES;
				GCC_WARN_ABOUT_RETURN_TYPE = YES_ERROR;
				GCC_WARN_UNDECLARED_SELECTOR = YES;
				GCC_WARN_UNINITIALIZED_AUTOS = YES_AGGRESSIVE;
				GCC_WARN_UNUSED_FUNCTION = YES;
				GCC_WARN_UNUSED_VARIABLE = YES;
				IPHONEOS_DEPLOYMENT_TARGET = 17.2;
				LOCALIZATION_PREFERS_STRING_CATALOGS = YES;
				MTL_ENABLE_DEBUG_INFO = NO;
				MTL_FAST_MATH = YES;
				SDKROOT = iphoneos;
				SWIFT_COMPILATION_MODE = wholemodule;
				VALIDATE_PRODUCT = YES;
			};
			name = Release;
		};
		1E91DF7C2B50E6C400C72D29 /* Debug */ = {
			isa = XCBuildConfiguration;
			buildSettings = {
				ALWAYS_EMBED_SWIFT_STANDARD_LIBRARIES = YES;
				ASSETCATALOG_COMPILER_APPICON_NAME = AppIcon;
				ASSETCATALOG_COMPILER_GLOBAL_ACCENT_COLOR_NAME = AccentColor;
				CODE_SIGN_ENTITLEMENTS = InspireSync/InspireSync.entitlements;
				CODE_SIGN_STYLE = Automatic;
				CURRENT_PROJECT_VERSION = 1;
				DEVELOPMENT_ASSET_PATHS = "\"InspireSync/Preview Content\"";
				DEVELOPMENT_TEAM = 43PS7T66LA;
				ENABLE_PREVIEWS = YES;
				GENERATE_INFOPLIST_FILE = YES;
				INFOPLIST_FILE = InspireSync/Info.plist;
				INFOPLIST_KEY_UIApplicationSceneManifest_Generation = YES;
				INFOPLIST_KEY_UIApplicationSupportsIndirectInputEvents = YES;
				INFOPLIST_KEY_UILaunchScreen_Generation = YES;
				INFOPLIST_KEY_UILaunchStoryboardName = "Launch Screen.storyboard";
				INFOPLIST_KEY_UISupportedInterfaceOrientations_iPad = "UIInterfaceOrientationPortrait UIInterfaceOrientationPortraitUpsideDown UIInterfaceOrientationLandscapeLeft UIInterfaceOrientationLandscapeRight";
				INFOPLIST_KEY_UISupportedInterfaceOrientations_iPhone = "UIInterfaceOrientationPortrait UIInterfaceOrientationLandscapeLeft UIInterfaceOrientationLandscapeRight";
				LD_RUNPATH_SEARCH_PATHS = (
					"$(inherited)",
					"@executable_path/Frameworks",
				);
				MARKETING_VERSION = 1.0;
				PRODUCT_BUNDLE_IDENTIFIER = "Nivethikan-Neethirasa.InspireSync";
				PRODUCT_NAME = "$(TARGET_NAME)";
				SWIFT_EMIT_LOC_STRINGS = YES;
				SWIFT_VERSION = 5.0;
				TARGETED_DEVICE_FAMILY = "1,2";
			};
			name = Debug;
		};
		1E91DF7D2B50E6C400C72D29 /* Release */ = {
			isa = XCBuildConfiguration;
			buildSettings = {
				ALWAYS_EMBED_SWIFT_STANDARD_LIBRARIES = YES;
				ASSETCATALOG_COMPILER_APPICON_NAME = AppIcon;
				ASSETCATALOG_COMPILER_GLOBAL_ACCENT_COLOR_NAME = AccentColor;
				CODE_SIGN_ENTITLEMENTS = InspireSync/InspireSync.entitlements;
				CODE_SIGN_STYLE = Automatic;
				CURRENT_PROJECT_VERSION = 1;
				DEVELOPMENT_ASSET_PATHS = "\"InspireSync/Preview Content\"";
				DEVELOPMENT_TEAM = 43PS7T66LA;
				ENABLE_PREVIEWS = YES;
				GENERATE_INFOPLIST_FILE = YES;
				INFOPLIST_FILE = InspireSync/Info.plist;
				INFOPLIST_KEY_UIApplicationSceneManifest_Generation = YES;
				INFOPLIST_KEY_UIApplicationSupportsIndirectInputEvents = YES;
				INFOPLIST_KEY_UILaunchScreen_Generation = YES;
				INFOPLIST_KEY_UILaunchStoryboardName = "Launch Screen.storyboard";
				INFOPLIST_KEY_UISupportedInterfaceOrientations_iPad = "UIInterfaceOrientationPortrait UIInterfaceOrientationPortraitUpsideDown UIInterfaceOrientationLandscapeLeft UIInterfaceOrientationLandscapeRight";
				INFOPLIST_KEY_UISupportedInterfaceOrientations_iPhone = "UIInterfaceOrientationPortrait UIInterfaceOrientationLandscapeLeft UIInterfaceOrientationLandscapeRight";
				LD_RUNPATH_SEARCH_PATHS = (
					"$(inherited)",
					"@executable_path/Frameworks",
				);
				MARKETING_VERSION = 1.0;
				PRODUCT_BUNDLE_IDENTIFIER = "Nivethikan-Neethirasa.InspireSync";
				PRODUCT_NAME = "$(TARGET_NAME)";
				SWIFT_EMIT_LOC_STRINGS = YES;
				SWIFT_VERSION = 5.0;
				TARGETED_DEVICE_FAMILY = "1,2";
			};
			name = Release;
		};
/* End XCBuildConfiguration section */

/* Begin XCConfigurationList section */
		1E1D9C0E2B8313D900778E0D /* Build configuration list for PBXNativeTarget "InspireSyncWidgetExtension" */ = {
			isa = XCConfigurationList;
			buildConfigurations = (
				1E1D9C0C2B8313D900778E0D /* Debug */,
				1E1D9C0D2B8313D900778E0D /* Release */,
			);
			defaultConfigurationIsVisible = 0;
			defaultConfigurationName = Release;
		};
		1E91DF682B50E6C300C72D29 /* Build configuration list for PBXProject "InspireSync" */ = {
			isa = XCConfigurationList;
			buildConfigurations = (
				1E91DF792B50E6C400C72D29 /* Debug */,
				1E91DF7A2B50E6C400C72D29 /* Release */,
			);
			defaultConfigurationIsVisible = 0;
			defaultConfigurationName = Release;
		};
		1E91DF7B2B50E6C400C72D29 /* Build configuration list for PBXNativeTarget "InspireSync" */ = {
			isa = XCConfigurationList;
			buildConfigurations = (
				1E91DF7C2B50E6C400C72D29 /* Debug */,
				1E91DF7D2B50E6C400C72D29 /* Release */,
			);
			defaultConfigurationIsVisible = 0;
			defaultConfigurationName = Release;
		};
/* End XCConfigurationList section */

/* Begin XCRemoteSwiftPackageReference section */
		1E91DF802B50E94200C72D29 /* XCRemoteSwiftPackageReference "firebase-ios-sdk" */ = {
			isa = XCRemoteSwiftPackageReference;
			repositoryURL = "https://github.com/firebase/firebase-ios-sdk";
			requirement = {
				kind = upToNextMajorVersion;
				minimumVersion = 10.19.1;
			};
		};
		1E91DFC82B53B37700C72D29 /* XCRemoteSwiftPackageReference "GoogleSignIn-iOS" */ = {
			isa = XCRemoteSwiftPackageReference;
			repositoryURL = "https://github.com/google/GoogleSignIn-iOS.git";
			requirement = {
				kind = upToNextMajorVersion;
				minimumVersion = 7.0.0;
			};
		};
		1E9410912B9279E2000B8A04 /* XCRemoteSwiftPackageReference "url-image" */ = {
			isa = XCRemoteSwiftPackageReference;
			repositoryURL = "https://github.com/dmytro-anokhin/url-image";
			requirement = {
				kind = upToNextMajorVersion;
				minimumVersion = 3.1.1;
			};
		};
/* End XCRemoteSwiftPackageReference section */

/* Begin XCSwiftPackageProductDependency section */
		1E91DF812B50E94200C72D29 /* FirebaseAnalytics */ = {
			isa = XCSwiftPackageProductDependency;
			package = 1E91DF802B50E94200C72D29 /* XCRemoteSwiftPackageReference "firebase-ios-sdk" */;
			productName = FirebaseAnalytics;
		};
		1E91DF852B50E94200C72D29 /* FirebaseAnalyticsSwift */ = {
			isa = XCSwiftPackageProductDependency;
			package = 1E91DF802B50E94200C72D29 /* XCRemoteSwiftPackageReference "firebase-ios-sdk" */;
			productName = FirebaseAnalyticsSwift;
		};
		1E91DFB82B50EFB000C72D29 /* FirebaseAuth */ = {
			isa = XCSwiftPackageProductDependency;
			package = 1E91DF802B50E94200C72D29 /* XCRemoteSwiftPackageReference "firebase-ios-sdk" */;
			productName = FirebaseAuth;
		};
		1E91DFC92B53B37700C72D29 /* GoogleSignIn */ = {
			isa = XCSwiftPackageProductDependency;
			package = 1E91DFC82B53B37700C72D29 /* XCRemoteSwiftPackageReference "GoogleSignIn-iOS" */;
			productName = GoogleSignIn;
		};
		1E91DFCB2B53B37700C72D29 /* GoogleSignInSwift */ = {
			isa = XCSwiftPackageProductDependency;
			package = 1E91DFC82B53B37700C72D29 /* XCRemoteSwiftPackageReference "GoogleSignIn-iOS" */;
			productName = GoogleSignInSwift;
		};
		1E9410922B9279E2000B8A04 /* URLImage */ = {
			isa = XCSwiftPackageProductDependency;
			package = 1E9410912B9279E2000B8A04 /* XCRemoteSwiftPackageReference "url-image" */;
			productName = URLImage;
		};
		1E94109A2B927C8D000B8A04 /* URLImageStore */ = {
			isa = XCSwiftPackageProductDependency;
			package = 1E9410912B9279E2000B8A04 /* XCRemoteSwiftPackageReference "url-image" */;
			productName = URLImageStore;
		};
		1EAFEF7F2B718958000BDCDD /* FirebaseFirestore */ = {
			isa = XCSwiftPackageProductDependency;
			package = 1E91DF802B50E94200C72D29 /* XCRemoteSwiftPackageReference "firebase-ios-sdk" */;
			productName = FirebaseFirestore;
		};
		1EAFEF812B718958000BDCDD /* FirebaseFirestoreSwift */ = {
			isa = XCSwiftPackageProductDependency;
			package = 1E91DF802B50E94200C72D29 /* XCRemoteSwiftPackageReference "firebase-ios-sdk" */;
			productName = FirebaseFirestoreSwift;
		};
/* End XCSwiftPackageProductDependency section */
	};
	rootObject = 1E91DF652B50E6C300C72D29 /* Project object */;
}
